
Microsoft Visual Studio Solution File, Format Version 12.00
# Visual Studio 15
VisualStudioVersion = 15.0.27703.2042
MinimumVisualStudioVersion = 10.0.40219.1
Project("{FAE04EC0-301F-11D3-BF4B-00C04F79EFBC}") = "01-BiteBank", "01-BiteBank\01-BiteBank.csproj", "{AB615037-8A73-4E20-85BA-5A334A49848B}"
EndProject
Global
	GlobalSection(SolutionConfigurationPlatforms) = preSolution
		Debug|Any CPU = Debug|Any CPU
		Release|Any CPU = Release|Any CPU
	EndGlobalSection
	GlobalSection(ProjectConfigurationPlatforms) = postSolution
		{AB615037-8A73-4E20-85BA-5A334A49848B}.Debug|Any CPU.ActiveCfg = Debug|Any CPU
		{AB615037-8A73-4E20-85BA-5A334A49848B}.Debug|Any CPU.Build.0 = Debug|Any CPU
		{AB615037-8A73-4E20-85BA-5A334A49848B}.Release|Any CPU.ActiveCfg = Release|Any CPU
		{AB615037-8A73-4E20-85BA-5A334A49848B}.Release|Any CPU.Build.0 = Release|Any CPU
	EndGlobalSection
	GlobalSection(SolutionProperties) = preSolution
		HideSolutionNode = FALSE
	EndGlobalSection
	GlobalSection(ExtensibilityGlobals) = postSolution
		SolutionGuid = {28208F1B-41F5-40ED-AD45-33D2327A76FE}
	EndGlobalSection
EndGlobal
